
Microsoft Visual Studio Solution File, Format Version 12.00
# Visual Studio Version 16
VisualStudioVersion = 16.0.30011.22
MinimumVisualStudioVersion = 10.0.40219.1
Project("{FAE04EC0-301F-11D3-BF4B-00C04F79EFBC}") = "BeaterFurniture", "BeaterFurniture.csproj", "{1B36CA15-AF25-4157-B7F6-E348F21B96DB}"
EndProject
Global
	GlobalSection(SolutionConfigurationPlatforms) = preSolution
		Debug|Any CPU = Debug|Any CPU
		Release|Any CPU = Release|Any CPU
	EndGlobalSection
	GlobalSection(ProjectConfigurationPlatforms) = postSolution
		{1B36CA15-AF25-4157-B7F6-E348F21B96DB}.Debug|Any CPU.ActiveCfg = Debug|Any CPU
		{1B36CA15-AF25-4157-B7F6-E348F21B96DB}.Debug|Any CPU.Build.0 = Debug|Any CPU
		{1B36CA15-AF25-4157-B7F6-E348F21B96DB}.Release|Any CPU.ActiveCfg = Release|Any CPU
		{1B36CA15-AF25-4157-B7F6-E348F21B96DB}.Release|Any CPU.Build.0 = Release|Any CPU
	EndGlobalSection
	GlobalSection(SolutionProperties) = preSolution
		HideSolutionNode = FALSE
	EndGlobalSection
	GlobalSection(ExtensibilityGlobals) = postSolution
		SolutionGuid = {C27F01F8-6D12-42E4-A6F7-F2272818E87C}
	EndGlobalSection
EndGlobal
